<?xml version="1.0" encoding="UTF-8" standalone="yes" ?>
<CodeBlocks_project_file>
	<FileVersion major="1" minor="6" />
	<Project>
		<Option title="BMTP_Lab9.2_Zavalai" />
		<Option pch_mode="2" />
		<Option compiler="gcc" />
		<Build>
			<Target title="Debug">
				<Option output="bin/Debug/BMTP_Lab9.2_Zavalai" prefix_auto="1" extension_auto="1" />
				<Option object_output="obj/Debug/" />
				<Option type="1" />
				<Option compiler="gcc" />
				<Compiler>
					<Add option="-g" />
				</Compiler>
			</Target>
			<Target title="Release">
				<Option output="bin/Release/BMTP_Lab9.2_Zavalai" prefix_auto="1" extension_auto="1" />
				<Option object_output="obj/Release/" />
				<Option type="1" />
				<Option compiler="gcc" />
				<Compiler>
					<Add option="-O2" />
				</Compiler>
				<Linker>
					<Add option="-s" />
				</Linker>
			</Target>
		</Build>
		<Compiler>
			<Add option="-Wall" />
			<Add option="-fexceptions" />
			<Add directory="C:/Users/Admin/Desktop/BMTP-Zavalai-KI25/Lab9/prj/BMTP_Lab9.1_Zavalai" />
		</Compiler>
		<Linker>
			<Add option="-static" />
			<Add option="-static-libstdc++ -static-libgcc -static" />
			<Add library="C:/Users/Admin/Desktop/BMTP-Zavalai-KI25/Lab9/prj/BMTP_Lab9.1_Zavalai/bin/Debug/libBMTP_Lab9.1_Zavalai.a" />
		</Linker>
		<Unit filename="main.cpp" />
		<Extensions />
	</Project>
</CodeBlocks_project_file>
